{
  "version": 4,
  "terraform_version": "0.12.12",
  "serial": 14,
  "lineage": "894250ef-af6e-a288-a9e7-cf0dbd2899c1",
  "outputs": {},
  "resources": [
    {
      "mode": "managed",
      "type": "heroku_app",
      "name": "default",
      "provider": "provider.heroku",
      "instances": [
        {
          "schema_version": 0,
          "attributes": {
            "acm": false,
            "all_config_vars": {
              "PRIVATE_KEY": "some_private_key",
              "x": "https://...",
              "y": "https://...",
              "z": "https://..."
            },
            "buildpacks": [],
            "config_vars": {},
            "git_url": "https://git.heroku.com/let-s-goooooo.git",
            "heroku_hostname": "let-s-goooooo.herokuapp.com",
            "id": "let-s-goooooo",
            "internal_routing": false,
            "name": "let-s-goooooo",
            "organization": [],
            "region": "us",
            "sensitive_config_vars": {},
            "space": null,
            "stack": "heroku-18",
            "uuid": "a176eaf9-57a1-475d-a49e-c6d9adb44774",
            "web_url": "https://let-s-goooooo.herokuapp.com/"
          },
          "private": "bnVsbA=="
        }
      ]
    },
    {
      "mode": "managed",
      "type": "heroku_app_config_association",
      "name": "default",
      "provider": "provider.heroku",
      "instances": [
        {
          "schema_version": 0,
          "attributes": {
            "app_id": "let-s-goooooo",
            "id": "config:let-s-goooooo",
            "sensitive_vars": {
              "PRIVATE_KEY": "some_private_key"
            },
            "vars": {
              "x": "https://...",
              "y": "https://...",
              "z": "https://..."
            }
          },
          "private": "bnVsbA==",
          "depends_on": [
            "heroku_app.default",
            "heroku_config.default"
          ]
        }
      ]
    },
    {
      "mode": "managed",
      "type": "heroku_config",
      "name": "default",
      "provider": "provider.heroku",
      "instances": [
        {
          "schema_version": 0,
          "attributes": {
            "id": "config-1593348297",
            "sensitive_vars": {
              "PRIVATE_KEY": "some_private_key"
            },
            "vars": {
              "x": "https://...",
              "y": "https://...",
              "z": "https://..."
            }
          },
          "private": "bnVsbA=="
        }
      ]
    },
    {
      "mode": "managed",
      "type": "netlify_deploy_key",
      "name": "key",
      "provider": "provider.netlify",
      "instances": [
        {
          "schema_version": 0,
          "attributes": {
            "id": "5ef8a663113178de67bb08af",
            "public_key": "ssh-rsa AAAAB3NzaC1yc2EAAAADAQABAAACAQCbTABmiwkzmGAth/xl+wNqKfHJD/GK6u2VHrKbihlCg3JF/NYLrZ0w77GD1U3DNQYDXxFXxgNGTs4iW5g7RPqeViHNShBLVDgXRPtQsxKp1rN4rIR2yMqNg+rN4p82KHCCyLO8ohc5BGahscDgrr/dPH8556HnX5gwg5eLhaegO5+AjlcHMidQhMQgI9ziqbKMIaJTgJC1bW7M64DneH80DMIF8cXhifWhbw5yLUAe1kFlVW35whyYIqhfCEHB+DWvo1A2UidYb1s9Gc5FFmLIongBVq+ZLpKEA7dxFEAJgAF7m/iq7q+G/z00wxnIqmzrQsUACeQ2NKzh7+VSDqulzB3V61gtwW3157pQ0TY2hDcXFg1XLU5Nf5xfpS6M+oQlK8aqJYhnJcx99Vd6wpceRcSbY8k1qMfoFBahhKQmIhCjDeoiwWKAqEk7UpnfZk2tTLG27G+DgaO51pEWK3VbRqApG1Ky1nNdRlgadbGlWD+9P1vPCUFyIw/AfV9o4wtaqXSoPYt+QYRj8YJ/H94DuPNNJTtZkVb3AdNtBKEBrfqPFDW0pu7m0Z8n6e7FW7viJj6lMtVJNMeYGtpJb7rL7d4eNJo9y59x7XgcIGyimbx2vOoWjPxTZzn+Evz+ygGIXh6M2sr4c8JGapBz31g6MfFzFNUIlUUfMOHmc/HmPQ=="
          }
        }
      ]
    }
  ]
}
